// !$*UTF8*$!
{
	archiveVersion = 1;
	classes = {
	};
	objectVersion = 46;
	objects = {

/* Begin PBXBuildFile section */
		4224AF791CAD2E7C00C94115 /* main.m in Sources */ = {isa = PBXBuildFile; fileRef = 4224AF781CAD2E7C00C94115 /* main.m */; };
		4224AF7C1CAD2E7C00C94115 /* AppDelegate.m in Sources */ = {isa = PBXBuildFile; fileRef = 4224AF7B1CAD2E7C00C94115 /* AppDelegate.m */; };
		4224AF7F1CAD2E7C00C94115 /* FirstViewController.m in Sources */ = {isa = PBXBuildFile; fileRef = 4224AF7E1CAD2E7C00C94115 /* FirstViewController.m */; };
		4224AF821CAD2E7C00C94115 /* SecondViewController.m in Sources */ = {isa = PBXBuildFile; fileRef = 4224AF811CAD2E7C00C94115 /* SecondViewController.m */; };
		4224AF851CAD2E7C00C94115 /* Main.storyboard in Resources */ = {isa = PBXBuildFile; fileRef = 4224AF831CAD2E7C00C94115 /* Main.storyboard */; };
		4224AF871CAD2E7C00C94115 /* Assets.xcassets in Resources */ = {isa = PBXBuildFile; fileRef = 4224AF861CAD2E7C00C94115 /* Assets.xcassets */; };
		4224AF8A1CAD2E7C00C94115 /* LaunchScreen.storyboard in Resources */ = {isa = PBXBuildFile; fileRef = 4224AF881CAD2E7C00C94115 /* LaunchScreen.storyboard */; };
		4224AF931CAD2E8D00C94115 /* UITabBarItem+GJRedDot.m in Sources */ = {isa = PBXBuildFile; fileRef = 4224AF921CAD2E8D00C94115 /* UITabBarItem+GJRedDot.m */; };
		429AB86E1CAE76B70017937F /* icon@3x.png in Resources */ = {isa = PBXBuildFile; fileRef = 429AB86D1CAE76B70017937F /* icon@3x.png */; };
/* End PBXBuildFile section */

/* Begin PBXFileReference section */
		4224AF741CAD2E7C00C94115 /* GJTabBarItem.app */ = {isa = PBXFileReference; explicitFileType = wrapper.application; includeInIndex = 0; path = GJTabBarItem.app; sourceTree = BUILT_PRODUCTS_DIR; };
		4224AF781CAD2E7C00C94115 /* main.m */ = {isa = PBXFileReference; lastKnownFileType = sourcecode.c.objc; path = main.m; sourceTree = "<group>"; };
		4224AF7A1CAD2E7C00C94115 /* AppDelegate.h */ = {isa = PBXFileReference; lastKnownFileType = sourcecode.c.h; path = AppDelegate.h; sourceTree = "<group>"; };
		4224AF7B1CAD2E7C00C94115 /* AppDelegate.m */ = {isa = PBXFileReference; lastKnownFileType = sourcecode.c.objc; path = AppDelegate.m; sourceTree = "<group>"; };
		4224AF7D1CAD2E7C00C94115 /* FirstViewController.h */ = {isa = PBXFileReference; lastKnownFileType = sourcecode.c.h; path = FirstViewController.h; sourceTree = "<group>"; };
		4224AF7E1CAD2E7C00C94115 /* FirstViewController.m */ = {isa = PBXFileReference; lastKnownFileType = sourcecode.c.objc; path = FirstViewController.m; sourceTree = "<group>"; };
		4224AF801CAD2E7C00C94115 /* SecondViewController.h */ = {isa = PBXFileReference; lastKnownFileType = sourcecode.c.h; path = SecondViewController.h; sourceTree = "<group>"; };
		4224AF811CAD2E7C00C94115 /* SecondViewController.m */ = {isa = PBXFileReference; lastKnownFileType = sourcecode.c.objc; path = SecondViewController.m; sourceTree = "<group>"; };
		4224AF841CAD2E7C00C94115 /* Base */ = {isa = PBXFileReference; lastKnownFileType = file.storyboard; name = Base; path = Base.lproj/Main.storyboard; sourceTree = "<group>"; };
		4224AF861CAD2E7C00C94115 /* Assets.xcassets */ = {isa = PBXFileReference; lastKnownFileType = folder.assetcatalog; path = Assets.xcassets; sourceTree = "<group>"; };
		4224AF891CAD2E7C00C94115 /* Base */ = {isa = PBXFileReference; lastKnownFileType = file.storyboard; name = Base; path = Base.lproj/LaunchScreen.storyboard; sourceTree = "<group>"; };
		4224AF8B1CAD2E7C00C94115 /* Info.plist */ = {isa = PBXFileReference; lastKnownFileType = text.plist.xml; path = Info.plist; sourceTree = "<group>"; };
		4224AF911CAD2E8D00C94115 /* UITabBarItem+GJRedDot.h */ = {isa = PBXFileReference; fileEncoding = 4; lastKnownFileType = sourcecode.c.h; path = "UITabBarItem+GJRedDot.h"; sourceTree = "<group>"; };
		4224AF921CAD2E8D00C94115 /* UITabBarItem+GJRedDot.m */ = {isa = PBXFileReference; fileEncoding = 4; lastKnownFileType = sourcecode.c.objc; path = "UITabBarItem+GJRedDot.m"; sourceTree = "<group>"; };
		429AB86D1CAE76B70017937F /* icon@3x.png */ = {isa = PBXFileReference; lastKnownFileType = image.png; path = "icon@3x.png"; sourceTree = "<group>"; };
/* End PBXFileReference section */

/* Begin PBXFrameworksBuildPhase section */
		4224AF711CAD2E7C00C94115 /* Frameworks */ = {
			isa = PBXFrameworksBuildPhase;
			buildActionMask = 2147483647;
			files = (
			);
			runOnlyForDeploymentPostprocessing = 0;
		};
/* End PBXFrameworksBuildPhase section */

/* Begin PBXGroup section */
		4224AF6B1CAD2E7C00C94115 = {
			isa = PBXGroup;
			children = (
				4224AF761CAD2E7C00C94115 /* GJTabBarItem */,
				4224AF751CAD2E7C00C94115 /* Products */,
			);
			sourceTree = "<group>";
		};
		4224AF751CAD2E7C00C94115 /* Products */ = {
			isa = PBXGroup;
			children = (
				4224AF741CAD2E7C00C94115 /* GJTabBarItem.app */,
			);
			name = Products;
			sourceTree = "<group>";
		};
		4224AF761CAD2E7C00C94115 /* GJTabBarItem */ = {
			isa = PBXGroup;
			children = (
				4224AF911CAD2E8D00C94115 /* UITabBarItem+GJRedDot.h */,
				4224AF921CAD2E8D00C94115 /* UITabBarItem+GJRedDot.m */,
				429AB86D1CAE76B70017937F /* icon@3x.png */,
				4224AF7A1CAD2E7C00C94115 /* AppDelegate.h */,
				4224AF7B1CAD2E7C00C94115 /* AppDelegate.m */,
				4224AF7D1CAD2E7C00C94115 /* FirstViewController.h */,
				4224AF7E1CAD2E7C00C94115 /* FirstViewController.m */,
				4224AF801CAD2E7C00C94115 /* SecondViewController.h */,
				4224AF811CAD2E7C00C94115 /* SecondViewController.m */,
				4224AF831CAD2E7C00C94115 /* Main.storyboard */,
				4224AF861CAD2E7C00C94115 /* Assets.xcassets */,
				4224AF881CAD2E7C00C94115 /* LaunchScreen.storyboard */,
				4224AF8B1CAD2E7C00C94115 /* Info.plist */,
				4224AF771CAD2E7C00C94115 /* Supporting Files */,
			);
			path = GJTabBarItem;
			sourceTree = "<group>";
		};
		4224AF771CAD2E7C00C94115 /* Supporting Files */ = {
			isa = PBXGroup;
			children = (
				4224AF781CAD2E7C00C94115 /* main.m */,
			);
			name = "Supporting Files";
			sourceTree = "<group>";
		};
/* End PBXGroup section */

/* Begin PBXNativeTarget section */
		4224AF731CAD2E7C00C94115 /* GJTabBarItem */ = {
			isa = PBXNativeTarget;
			buildConfigurationList = 4224AF8E1CAD2E7C00C94115 /* Build configuration list for PBXNativeTarget "GJTabBarItem" */;
			buildPhases = (
				4224AF701CAD2E7C00C94115 /* Sources */,
				4224AF711CAD2E7C00C94115 /* Frameworks */,
				4224AF721CAD2E7C00C94115 /* Resources */,
			);
			buildRules = (
			);
			dependencies = (
			);
			name = GJTabBarItem;
			productName = GJTabBarItem;
			productReference = 4224AF741CAD2E7C00C94115 /* GJTabBarItem.app */;
			productType = "com.apple.product-type.application";
		};
/* End PBXNativeTarget section */

/* Begin PBXProject section */
		4224AF6C1CAD2E7C00C94115 /* Project object */ = {
			isa = PBXProject;
			attributes = {
				LastUpgradeCheck = 0730;
				ORGANIZATIONNAME = wangyutao;
				TargetAttributes = {
					4224AF731CAD2E7C00C94115 = {
						CreatedOnToolsVersion = 7.3;
					};
				};
			};
			buildConfigurationList = 4224AF6F1CAD2E7C00C94115 /* Build configuration list for PBXProject "GJTabBarItem" */;
			compatibilityVersion = "Xcode 3.2";
			developmentRegion = English;
			hasScannedForEncodings = 0;
			knownRegions = (
				en,
				Base,
			);
			mainGroup = 4224AF6B1CAD2E7C00C94115;
			productRefGroup = 4224AF751CAD2E7C00C94115 /* Products */;
			projectDirPath = "";
			projectRoot = "";
			targets = (
				4224AF731CAD2E7C00C94115 /* GJTabBarItem */,
			);
		};
/* End PBXProject section */

/* Begin PBXResourcesBuildPhase section */
		4224AF721CAD2E7C00C94115 /* Resources */ = {
			isa = PBXResourcesBuildPhase;
			buildActionMask = 2147483647;
			files = (
				4224AF8A1CAD2E7C00C94115 /* LaunchScreen.storyboard in Resources */,
				4224AF871CAD2E7C00C94115 /* Assets.xcassets in Resources */,
				429AB86E1CAE76B70017937F /* icon@3x.png in Resources */,
				4224AF851CAD2E7C00C94115 /* Main.storyboard in Resources */,
			);
			runOnlyForDeploymentPostprocessing = 0;
		};
/* End PBXResourcesBuildPhase section */

/* Begin PBXSourcesBuildPhase section */
		4224AF701CAD2E7C00C94115 /* Sources */ = {
			isa = PBXSourcesBuildPhase;
			buildActionMask = 2147483647;
			files = (
				4224AF931CAD2E8D00C94115 /* UITabBarItem+GJRedDot.m in Sources */,
				4224AF821CAD2E7C00C94115 /* SecondViewController.m in Sources */,
				4224AF7C1CAD2E7C00C94115 /* AppDelegate.m in Sources */,
				4224AF7F1CAD2E7C00C94115 /* FirstViewController.m in Sources */,
				4224AF791CAD2E7C00C94115 /* main.m in Sources */,
			);
			runOnlyForDeploymentPostprocessing = 0;
		};
/* End PBXSourcesBuildPhase section */

/* Begin PBXVariantGroup section */
		4224AF831CAD2E7C00C94115 /* Main.storyboard */ = {
			isa = PBXVariantGroup;
			children = (
				4224AF841CAD2E7C00C94115 /* Base */,
			);
			name = Main.storyboard;
			sourceTree = "<group>";
		};
		4224AF881CAD2E7C00C94115 /* LaunchScreen.storyboard */ = {
			isa = PBXVariantGroup;
			children = (
				4224AF891CAD2E7C00C94115 /* Base */,
			);
			name = LaunchScreen.storyboard;
			sourceTree = "<group>";
		};
/* End PBXVariantGroup section */

/* Begin XCBuildConfiguration section */
		4224AF8C1CAD2E7C00C94115 /* Debug */ = {
			isa = XCBuildConfiguration;
			buildSettings = {
				ALWAYS_SEARCH_USER_PATHS = NO;
				CLANG_ANALYZER_NONNULL = YES;
				CLANG_CXX_LANGUAGE_STANDARD = "gnu++0x";
				CLANG_CXX_LIBRARY = "libc++";
				CLANG_ENABLE_MODULES = YES;
				CLANG_ENABLE_OBJC_ARC = YES;
				CLANG_WARN_BOOL_CONVERSION = YES;
				CLANG_WARN_CONSTANT_CONVERSION = YES;
				CLANG_WARN_DIRECT_OBJC_ISA_USAGE = YES_ERROR;
				CLANG_WARN_EMPTY_BODY = YES;
				CLANG_WARN_ENUM_CONVERSION = YES;
				CLANG_WARN_INT_CONVERSION = YES;
				CLANG_WARN_OBJC_ROOT_CLASS = YES_ERROR;
				CLANG_WARN_UNREACHABLE_CODE = YES;
				CLANG_WARN__DUPLICATE_METHOD_MATCH = YES;
				"CODE_SIGN_IDENTITY[sdk=iphoneos*]" = "iPhone Developer";
				COPY_PHASE_STRIP = NO;
				DEBUG_INFORMATION_FORMAT = dwarf;
				ENABLE_STRICT_OBJC_MSGSEND = YES;
				ENABLE_TESTABILITY = YES;
				GCC_C_LANGUAGE_STANDARD = gnu99;
				GCC_DYNAMIC_NO_PIC = NO;
				GCC_NO_COMMON_BLOCKS = YES;
				GCC_OPTIMIZATION_LEVEL = 0;
				GCC_PREPROCESSOR_DEFINITIONS = (
					"DEBUG=1",
					"$(inherited)",
				);
				GCC_WARN_64_TO_32_BIT_CONVERSION = YES;
				GCC_WARN_ABOUT_RETURN_TYPE = YES_ERROR;
				GCC_WARN_UNDECLARED_SELECTOR = YES;
				GCC_WARN_UNINITIALIZED_AUTOS = YES_AGGRESSIVE;
				GCC_WARN_UNUSED_FUNCTION = YES;
				GCC_WARN_UNUSED_VARIABLE = YES;
				IPHONEOS_DEPLOYMENT_TARGET = 9.3;
				MTL_ENABLE_DEBUG_INFO = YES;
				ONLY_ACTIVE_ARCH = YES;
				SDKROOT = iphoneos;
			};
			name = Debug;
		};
		4224AF8D1CAD2E7C00C94115 /* Release */ = {
			isa = XCBuildConfiguration;
			buildSettings = {
				ALWAYS_SEARCH_USER_PATHS = NO;
				CLANG_ANALYZER_NONNULL = YES;
				CLANG_CXX_LANGUAGE_STANDARD = "gnu++0x";
				CLANG_CXX_LIBRARY = "libc++";
				CLANG_ENABLE_MODULES = YES;
				CLANG_ENABLE_OBJC_ARC = YES;
				CLANG_WARN_BOOL_CONVERSION = YES;
				CLANG_WARN_CONSTANT_CONVERSION = YES;
				CLANG_WARN_DIRECT_OBJC_ISA_USAGE = YES_ERROR;
				CLANG_WARN_EMPTY_BODY = YES;
				CLANG_WARN_ENUM_CONVERSION = YES;
				CLANG_WARN_INT_CONVERSION = YES;
				CLANG_WARN_OBJC_ROOT_CLASS = YES_ERROR;
				CLANG_WARN_UNREACHABLE_CODE = YES;
				CLANG_WARN__DUPLICATE_METHOD_MATCH = YES;
				"CODE_SIGN_IDENTITY[sdk=iphoneos*]" = "iPhone Developer";
				COPY_PHASE_STRIP = NO;
				DEBUG_INFORMATION_FORMAT = "dwarf-with-dsym";
				ENABLE_NS_ASSERTIONS = NO;
				ENABLE_STRICT_OBJC_MSGSEND = YES;
				GCC_C_LANGUAGE_STANDARD = gnu99;
				GCC_NO_COMMON_BLOCKS = YES;
				GCC_WARN_64_TO_32_BIT_CONVERSION = YES;
				GCC_WARN_ABOUT_RETURN_TYPE = YES_ERROR;
				GCC_WARN_UNDECLARED_SELECTOR = YES;
				GCC_WARN_UNINITIALIZED_AUTOS = YES_AGGRESSIVE;
				GCC_WARN_UNUSED_FUNCTION = YES;
				GCC_WARN_UNUSED_VARIABLE = YES;
				IPHONEOS_DEPLOYMENT_TARGET = 9.3;
				MTL_ENABLE_DEBUG_INFO = NO;
				SDKROOT = iphoneos;
				VALIDATE_PRODUCT = YES;
			};
			name = Release;
		};
		4224AF8F1CAD2E7C00C94115 /* Debug */ = {
			isa = XCBuildConfiguration;
			buildSettings = {
				ASSETCATALOG_COMPILER_APPICON_NAME = AppIcon;
				INFOPLIST_FILE = GJTabBarItem/Info.plist;
				LD_RUNPATH_SEARCH_PATHS = "$(inherited) @executable_path/Frameworks";
				PRODUCT_BUNDLE_IDENTIFIER = com.liligo.GJTabBarItem;
				PRODUCT_NAME = "$(TARGET_NAME)";
			};
			name = Debug;
		};
		4224AF901CAD2E7C00C94115 /* Release */ = {
			isa = XCBuildConfiguration;
			buildSettings = {
				ASSETCATALOG_COMPILER_APPICON_NAME = AppIcon;
				INFOPLIST_FILE = GJTabBarItem/Info.plist;
				LD_RUNPATH_SEARCH_PATHS = "$(inherited) @executable_path/Frameworks";
				PRODUCT_BUNDLE_IDENTIFIER = com.liligo.GJTabBarItem;
				PRODUCT_NAME = "$(TARGET_NAME)";
			};
			name = Release;
		};
/* End XCBuildConfiguration section */

/* Begin XCConfigurationList section */
		4224AF6F1CAD2E7C00C94115 /* Build configuration list for PBXProject "GJTabBarItem" */ = {
			isa = XCConfigurationList;
			buildConfigurations = (
				4224AF8C1CAD2E7C00C94115 /* Debug */,
				4224AF8D1CAD2E7C00C94115 /* Release */,
			);
			defaultConfigurationIsVisible = 0;
			defaultConfigurationName = Release;
		};
		4224AF8E1CAD2E7C00C94115 /* Build configuration list for PBXNativeTarget "GJTabBarItem" */ = {
			isa = XCConfigurationList;
			buildConfigurations = (
				4224AF8F1CAD2E7C00C94115 /* Debug */,
				4224AF901CAD2E7C00C94115 /* Release */,
			);
			defaultConfigurationIsVisible = 0;
			defaultConfigurationName = Release;
		};
/* End XCConfigurationList section */
	};
	rootObject = 4224AF6C1CAD2E7C00C94115 /* Project object */;
}
