// !$*UTF8*$!
{
	archiveVersion = 1;
	classes = {
	};
	objectVersion = 46;
	objects = {

/* Begin PBXBuildFile section */
		422EA74D1CEF65A000A37F33 /* GJRedDotModel.m in Sources */ = {isa = PBXBuildFile; fileRef = 422EA74C1CEF65A000A37F33 /* GJRedDotModel.m */; };
		422EA7531CEF681200A37F33 /* GJRedDot.m in Sources */ = {isa = PBXBuildFile; fileRef = 422EA7521CEF681200A37F33 /* GJRedDot.m */; };
		422EA7571CF2E5CC00A37F33 /* FirstItemViewController.m in Sources */ = {isa = PBXBuildFile; fileRef = 422EA7561CF2E5CC00A37F33 /* FirstItemViewController.m */; };
		4292230D1CEE16FC00A897FF /* main.m in Sources */ = {isa = PBXBuildFile; fileRef = 4292230C1CEE16FC00A897FF /* main.m */; };
		429223101CEE16FC00A897FF /* AppDelegate.m in Sources */ = {isa = PBXBuildFile; fileRef = 4292230F1CEE16FC00A897FF /* AppDelegate.m */; };
		429223161CEE16FC00A897FF /* Main.storyboard in Resources */ = {isa = PBXBuildFile; fileRef = 429223141CEE16FC00A897FF /* Main.storyboard */; };
		429223181CEE16FC00A897FF /* Assets.xcassets in Resources */ = {isa = PBXBuildFile; fileRef = 429223171CEE16FC00A897FF /* Assets.xcassets */; };
		4292231B1CEE16FC00A897FF /* LaunchScreen.storyboard in Resources */ = {isa = PBXBuildFile; fileRef = 429223191CEE16FC00A897FF /* LaunchScreen.storyboard */; };
		429223261CEE16FC00A897FF /* GJRedDotDemoTests.m in Sources */ = {isa = PBXBuildFile; fileRef = 429223251CEE16FC00A897FF /* GJRedDotDemoTests.m */; };
		429223571CEE18F400A897FF /* GJRedDotManager.m in Sources */ = {isa = PBXBuildFile; fileRef = 4292234C1CEE18F400A897FF /* GJRedDotManager.m */; };
		429223591CEE18F400A897FF /* NSObject+GJRedDotHandler.m in Sources */ = {isa = PBXBuildFile; fileRef = 429223501CEE18F400A897FF /* NSObject+GJRedDotHandler.m */; };
		4292235A1CEE18F400A897FF /* UITabBarItem+GJRedDot.m in Sources */ = {isa = PBXBuildFile; fileRef = 429223521CEE18F400A897FF /* UITabBarItem+GJRedDot.m */; };
		4292235B1CEE18F400A897FF /* UIView+GJRedDot.m in Sources */ = {isa = PBXBuildFile; fileRef = 429223541CEE18F400A897FF /* UIView+GJRedDot.m */; };
		429223921CEEB34600A897FF /* GJDeallocBlockExecutor.m in Sources */ = {isa = PBXBuildFile; fileRef = 4292238F1CEEB34600A897FF /* GJDeallocBlockExecutor.m */; };
		429223931CEEB34600A897FF /* NSObject+GJDeallocBlockExecutor.m in Sources */ = {isa = PBXBuildFile; fileRef = 429223911CEEB34600A897FF /* NSObject+GJDeallocBlockExecutor.m */; };
		4292239A1CEEECBE00A897FF /* GJRedDotInfo.m in Sources */ = {isa = PBXBuildFile; fileRef = 429223991CEEECBE00A897FF /* GJRedDotInfo.m */; };
/* End PBXBuildFile section */

/* Begin PBXContainerItemProxy section */
		429223221CEE16FC00A897FF /* PBXContainerItemProxy */ = {
			isa = PBXContainerItemProxy;
			containerPortal = 429223001CEE16FC00A897FF /* Project object */;
			proxyType = 1;
			remoteGlobalIDString = 429223071CEE16FC00A897FF;
			remoteInfo = GJRedDotDemo;
		};
/* End PBXContainerItemProxy section */

/* Begin PBXFileReference section */
		422EA74B1CEF65A000A37F33 /* GJRedDotModel.h */ = {isa = PBXFileReference; fileEncoding = 4; lastKnownFileType = sourcecode.c.h; path = GJRedDotModel.h; sourceTree = "<group>"; };
		422EA74C1CEF65A000A37F33 /* GJRedDotModel.m */ = {isa = PBXFileReference; fileEncoding = 4; lastKnownFileType = sourcecode.c.objc; path = GJRedDotModel.m; sourceTree = "<group>"; };
		422EA7511CEF681200A37F33 /* GJRedDot.h */ = {isa = PBXFileReference; fileEncoding = 4; lastKnownFileType = sourcecode.c.h; path = GJRedDot.h; sourceTree = "<group>"; };
		422EA7521CEF681200A37F33 /* GJRedDot.m */ = {isa = PBXFileReference; fileEncoding = 4; lastKnownFileType = sourcecode.c.objc; path = GJRedDot.m; sourceTree = "<group>"; };
		422EA7541CEF6A7C00A37F33 /* GJRedDotProtocol.h */ = {isa = PBXFileReference; lastKnownFileType = sourcecode.c.h; path = GJRedDotProtocol.h; sourceTree = "<group>"; };
		422EA7551CF2E5CC00A37F33 /* FirstItemViewController.h */ = {isa = PBXFileReference; fileEncoding = 4; lastKnownFileType = sourcecode.c.h; path = FirstItemViewController.h; sourceTree = "<group>"; };
		422EA7561CF2E5CC00A37F33 /* FirstItemViewController.m */ = {isa = PBXFileReference; fileEncoding = 4; lastKnownFileType = sourcecode.c.objc; path = FirstItemViewController.m; sourceTree = "<group>"; };
		429223081CEE16FC00A897FF /* GJRedDotDemo.app */ = {isa = PBXFileReference; explicitFileType = wrapper.application; includeInIndex = 0; path = GJRedDotDemo.app; sourceTree = BUILT_PRODUCTS_DIR; };
		4292230C1CEE16FC00A897FF /* main.m */ = {isa = PBXFileReference; lastKnownFileType = sourcecode.c.objc; path = main.m; sourceTree = "<group>"; };
		4292230E1CEE16FC00A897FF /* AppDelegate.h */ = {isa = PBXFileReference; lastKnownFileType = sourcecode.c.h; path = AppDelegate.h; sourceTree = "<group>"; };
		4292230F1CEE16FC00A897FF /* AppDelegate.m */ = {isa = PBXFileReference; lastKnownFileType = sourcecode.c.objc; path = AppDelegate.m; sourceTree = "<group>"; };
		429223151CEE16FC00A897FF /* Base */ = {isa = PBXFileReference; lastKnownFileType = file.storyboard; name = Base; path = Base.lproj/Main.storyboard; sourceTree = "<group>"; };
		429223171CEE16FC00A897FF /* Assets.xcassets */ = {isa = PBXFileReference; lastKnownFileType = folder.assetcatalog; path = Assets.xcassets; sourceTree = "<group>"; };
		4292231A1CEE16FC00A897FF /* Base */ = {isa = PBXFileReference; lastKnownFileType = file.storyboard; name = Base; path = Base.lproj/LaunchScreen.storyboard; sourceTree = "<group>"; };
		4292231C1CEE16FC00A897FF /* Info.plist */ = {isa = PBXFileReference; lastKnownFileType = text.plist.xml; path = Info.plist; sourceTree = "<group>"; };
		429223211CEE16FC00A897FF /* GJRedDotDemoTests.xctest */ = {isa = PBXFileReference; explicitFileType = wrapper.cfbundle; includeInIndex = 0; path = GJRedDotDemoTests.xctest; sourceTree = BUILT_PRODUCTS_DIR; };
		429223251CEE16FC00A897FF /* GJRedDotDemoTests.m */ = {isa = PBXFileReference; lastKnownFileType = sourcecode.c.objc; path = GJRedDotDemoTests.m; sourceTree = "<group>"; };
		429223271CEE16FC00A897FF /* Info.plist */ = {isa = PBXFileReference; lastKnownFileType = text.plist.xml; path = Info.plist; sourceTree = "<group>"; };
		4292234B1CEE18F400A897FF /* GJRedDotManager.h */ = {isa = PBXFileReference; fileEncoding = 4; lastKnownFileType = sourcecode.c.h; path = GJRedDotManager.h; sourceTree = "<group>"; };
		4292234C1CEE18F400A897FF /* GJRedDotManager.m */ = {isa = PBXFileReference; fileEncoding = 4; lastKnownFileType = sourcecode.c.objc; path = GJRedDotManager.m; sourceTree = "<group>"; };
		4292234F1CEE18F400A897FF /* NSObject+GJRedDotHandler.h */ = {isa = PBXFileReference; fileEncoding = 4; lastKnownFileType = sourcecode.c.h; path = "NSObject+GJRedDotHandler.h"; sourceTree = "<group>"; };
		429223501CEE18F400A897FF /* NSObject+GJRedDotHandler.m */ = {isa = PBXFileReference; fileEncoding = 4; lastKnownFileType = sourcecode.c.objc; path = "NSObject+GJRedDotHandler.m"; sourceTree = "<group>"; };
		429223511CEE18F400A897FF /* UITabBarItem+GJRedDot.h */ = {isa = PBXFileReference; fileEncoding = 4; lastKnownFileType = sourcecode.c.h; path = "UITabBarItem+GJRedDot.h"; sourceTree = "<group>"; };
		429223521CEE18F400A897FF /* UITabBarItem+GJRedDot.m */ = {isa = PBXFileReference; fileEncoding = 4; lastKnownFileType = sourcecode.c.objc; path = "UITabBarItem+GJRedDot.m"; sourceTree = "<group>"; };
		429223531CEE18F400A897FF /* UIView+GJRedDot.h */ = {isa = PBXFileReference; fileEncoding = 4; lastKnownFileType = sourcecode.c.h; path = "UIView+GJRedDot.h"; sourceTree = "<group>"; };
		429223541CEE18F400A897FF /* UIView+GJRedDot.m */ = {isa = PBXFileReference; fileEncoding = 4; lastKnownFileType = sourcecode.c.objc; path = "UIView+GJRedDot.m"; sourceTree = "<group>"; };
		4292238E1CEEB34600A897FF /* GJDeallocBlockExecutor.h */ = {isa = PBXFileReference; fileEncoding = 4; lastKnownFileType = sourcecode.c.h; path = GJDeallocBlockExecutor.h; sourceTree = "<group>"; };
		4292238F1CEEB34600A897FF /* GJDeallocBlockExecutor.m */ = {isa = PBXFileReference; fileEncoding = 4; lastKnownFileType = sourcecode.c.objc; path = GJDeallocBlockExecutor.m; sourceTree = "<group>"; };
		429223901CEEB34600A897FF /* NSObject+GJDeallocBlockExecutor.h */ = {isa = PBXFileReference; fileEncoding = 4; lastKnownFileType = sourcecode.c.h; path = "NSObject+GJDeallocBlockExecutor.h"; sourceTree = "<group>"; };
		429223911CEEB34600A897FF /* NSObject+GJDeallocBlockExecutor.m */ = {isa = PBXFileReference; fileEncoding = 4; lastKnownFileType = sourcecode.c.objc; path = "NSObject+GJDeallocBlockExecutor.m"; sourceTree = "<group>"; };
		429223981CEEECBE00A897FF /* GJRedDotInfo.h */ = {isa = PBXFileReference; fileEncoding = 4; lastKnownFileType = sourcecode.c.h; path = GJRedDotInfo.h; sourceTree = "<group>"; };
		429223991CEEECBE00A897FF /* GJRedDotInfo.m */ = {isa = PBXFileReference; fileEncoding = 4; lastKnownFileType = sourcecode.c.objc; path = GJRedDotInfo.m; sourceTree = "<group>"; };
		4292239E1CEF06D100A897FF /* GJRedDotModelProtocol.h */ = {isa = PBXFileReference; lastKnownFileType = sourcecode.c.h; path = GJRedDotModelProtocol.h; sourceTree = "<group>"; };
/* End PBXFileReference section */

/* Begin PBXFrameworksBuildPhase section */
		429223051CEE16FC00A897FF /* Frameworks */ = {
			isa = PBXFrameworksBuildPhase;
			buildActionMask = 2147483647;
			files = (
			);
			runOnlyForDeploymentPostprocessing = 0;
		};
		4292231E1CEE16FC00A897FF /* Frameworks */ = {
			isa = PBXFrameworksBuildPhase;
			buildActionMask = 2147483647;
			files = (
			);
			runOnlyForDeploymentPostprocessing = 0;
		};
/* End PBXFrameworksBuildPhase section */

/* Begin PBXGroup section */
		429222FF1CEE16FC00A897FF = {
			isa = PBXGroup;
			children = (
				4292230A1CEE16FC00A897FF /* GJRedDotDemo */,
				429223241CEE16FC00A897FF /* GJRedDotDemoTests */,
				429223091CEE16FC00A897FF /* Products */,
			);
			sourceTree = "<group>";
		};
		429223091CEE16FC00A897FF /* Products */ = {
			isa = PBXGroup;
			children = (
				429223081CEE16FC00A897FF /* GJRedDotDemo.app */,
				429223211CEE16FC00A897FF /* GJRedDotDemoTests.xctest */,
			);
			name = Products;
			sourceTree = "<group>";
		};
		4292230A1CEE16FC00A897FF /* GJRedDotDemo */ = {
			isa = PBXGroup;
			children = (
				429223461CEE18F400A897FF /* GCRedDot */,
				4292230E1CEE16FC00A897FF /* AppDelegate.h */,
				4292230F1CEE16FC00A897FF /* AppDelegate.m */,
				422EA7551CF2E5CC00A37F33 /* FirstItemViewController.h */,
				422EA7561CF2E5CC00A37F33 /* FirstItemViewController.m */,
				429223141CEE16FC00A897FF /* Main.storyboard */,
				429223171CEE16FC00A897FF /* Assets.xcassets */,
				429223191CEE16FC00A897FF /* LaunchScreen.storyboard */,
				4292231C1CEE16FC00A897FF /* Info.plist */,
				4292230B1CEE16FC00A897FF /* Supporting Files */,
			);
			path = GJRedDotDemo;
			sourceTree = "<group>";
		};
		4292230B1CEE16FC00A897FF /* Supporting Files */ = {
			isa = PBXGroup;
			children = (
				4292230C1CEE16FC00A897FF /* main.m */,
			);
			name = "Supporting Files";
			sourceTree = "<group>";
		};
		429223241CEE16FC00A897FF /* GJRedDotDemoTests */ = {
			isa = PBXGroup;
			children = (
				429223251CEE16FC00A897FF /* GJRedDotDemoTests.m */,
				429223271CEE16FC00A897FF /* Info.plist */,
			);
			path = GJRedDotDemoTests;
			sourceTree = "<group>";
		};
		429223461CEE18F400A897FF /* GCRedDot */ = {
			isa = PBXGroup;
			children = (
				422EA7511CEF681200A37F33 /* GJRedDot.h */,
				422EA7521CEF681200A37F33 /* GJRedDot.m */,
				4292238D1CEEB34600A897FF /* GJDeallocBlockExecutor */,
				429223981CEEECBE00A897FF /* GJRedDotInfo.h */,
				429223991CEEECBE00A897FF /* GJRedDotInfo.m */,
				422EA74B1CEF65A000A37F33 /* GJRedDotModel.h */,
				422EA74C1CEF65A000A37F33 /* GJRedDotModel.m */,
				4292234B1CEE18F400A897FF /* GJRedDotManager.h */,
				4292234C1CEE18F400A897FF /* GJRedDotManager.m */,
				4292239E1CEF06D100A897FF /* GJRedDotModelProtocol.h */,
				422EA7541CEF6A7C00A37F33 /* GJRedDotProtocol.h */,
				4292234F1CEE18F400A897FF /* NSObject+GJRedDotHandler.h */,
				429223501CEE18F400A897FF /* NSObject+GJRedDotHandler.m */,
				429223511CEE18F400A897FF /* UITabBarItem+GJRedDot.h */,
				429223521CEE18F400A897FF /* UITabBarItem+GJRedDot.m */,
				429223531CEE18F400A897FF /* UIView+GJRedDot.h */,
				429223541CEE18F400A897FF /* UIView+GJRedDot.m */,
			);
			name = GCRedDot;
			path = ../../GCRedDot;
			sourceTree = "<group>";
		};
		4292238D1CEEB34600A897FF /* GJDeallocBlockExecutor */ = {
			isa = PBXGroup;
			children = (
				4292238E1CEEB34600A897FF /* GJDeallocBlockExecutor.h */,
				4292238F1CEEB34600A897FF /* GJDeallocBlockExecutor.m */,
				429223901CEEB34600A897FF /* NSObject+GJDeallocBlockExecutor.h */,
				429223911CEEB34600A897FF /* NSObject+GJDeallocBlockExecutor.m */,
			);
			path = GJDeallocBlockExecutor;
			sourceTree = "<group>";
		};
/* End PBXGroup section */

/* Begin PBXNativeTarget section */
		429223071CEE16FC00A897FF /* GJRedDotDemo */ = {
			isa = PBXNativeTarget;
			buildConfigurationList = 4292232A1CEE16FC00A897FF /* Build configuration list for PBXNativeTarget "GJRedDotDemo" */;
			buildPhases = (
				429223041CEE16FC00A897FF /* Sources */,
				429223051CEE16FC00A897FF /* Frameworks */,
				429223061CEE16FC00A897FF /* Resources */,
			);
			buildRules = (
			);
			dependencies = (
			);
			name = GJRedDotDemo;
			productName = GJRedDotDemo;
			productReference = 429223081CEE16FC00A897FF /* GJRedDotDemo.app */;
			productType = "com.apple.product-type.application";
		};
		429223201CEE16FC00A897FF /* GJRedDotDemoTests */ = {
			isa = PBXNativeTarget;
			buildConfigurationList = 4292232D1CEE16FC00A897FF /* Build configuration list for PBXNativeTarget "GJRedDotDemoTests" */;
			buildPhases = (
				4292231D1CEE16FC00A897FF /* Sources */,
				4292231E1CEE16FC00A897FF /* Frameworks */,
				4292231F1CEE16FC00A897FF /* Resources */,
			);
			buildRules = (
			);
			dependencies = (
				429223231CEE16FC00A897FF /* PBXTargetDependency */,
			);
			name = GJRedDotDemoTests;
			productName = GJRedDotDemoTests;
			productReference = 429223211CEE16FC00A897FF /* GJRedDotDemoTests.xctest */;
			productType = "com.apple.product-type.bundle.unit-test";
		};
/* End PBXNativeTarget section */

/* Begin PBXProject section */
		429223001CEE16FC00A897FF /* Project object */ = {
			isa = PBXProject;
			attributes = {
				LastUpgradeCheck = 0730;
				ORGANIZATIONNAME = wangyutao;
				TargetAttributes = {
					429223071CEE16FC00A897FF = {
						CreatedOnToolsVersion = 7.3.1;
					};
					429223201CEE16FC00A897FF = {
						CreatedOnToolsVersion = 7.3.1;
						TestTargetID = 429223071CEE16FC00A897FF;
					};
				};
			};
			buildConfigurationList = 429223031CEE16FC00A897FF /* Build configuration list for PBXProject "GJRedDotDemo" */;
			compatibilityVersion = "Xcode 3.2";
			developmentRegion = English;
			hasScannedForEncodings = 0;
			knownRegions = (
				en,
				Base,
			);
			mainGroup = 429222FF1CEE16FC00A897FF;
			productRefGroup = 429223091CEE16FC00A897FF /* Products */;
			projectDirPath = "";
			projectRoot = "";
			targets = (
				429223071CEE16FC00A897FF /* GJRedDotDemo */,
				429223201CEE16FC00A897FF /* GJRedDotDemoTests */,
			);
		};
/* End PBXProject section */

/* Begin PBXResourcesBuildPhase section */
		429223061CEE16FC00A897FF /* Resources */ = {
			isa = PBXResourcesBuildPhase;
			buildActionMask = 2147483647;
			files = (
				4292231B1CEE16FC00A897FF /* LaunchScreen.storyboard in Resources */,
				429223181CEE16FC00A897FF /* Assets.xcassets in Resources */,
				429223161CEE16FC00A897FF /* Main.storyboard in Resources */,
			);
			runOnlyForDeploymentPostprocessing = 0;
		};
		4292231F1CEE16FC00A897FF /* Resources */ = {
			isa = PBXResourcesBuildPhase;
			buildActionMask = 2147483647;
			files = (
			);
			runOnlyForDeploymentPostprocessing = 0;
		};
/* End PBXResourcesBuildPhase section */

/* Begin PBXSourcesBuildPhase section */
		429223041CEE16FC00A897FF /* Sources */ = {
			isa = PBXSourcesBuildPhase;
			buildActionMask = 2147483647;
			files = (
				4292235B1CEE18F400A897FF /* UIView+GJRedDot.m in Sources */,
				429223591CEE18F400A897FF /* NSObject+GJRedDotHandler.m in Sources */,
				422EA7571CF2E5CC00A37F33 /* FirstItemViewController.m in Sources */,
				422EA7531CEF681200A37F33 /* GJRedDot.m in Sources */,
				422EA74D1CEF65A000A37F33 /* GJRedDotModel.m in Sources */,
				429223931CEEB34600A897FF /* NSObject+GJDeallocBlockExecutor.m in Sources */,
				429223571CEE18F400A897FF /* GJRedDotManager.m in Sources */,
				429223921CEEB34600A897FF /* GJDeallocBlockExecutor.m in Sources */,
				429223101CEE16FC00A897FF /* AppDelegate.m in Sources */,
				4292230D1CEE16FC00A897FF /* main.m in Sources */,
				4292239A1CEEECBE00A897FF /* GJRedDotInfo.m in Sources */,
				4292235A1CEE18F400A897FF /* UITabBarItem+GJRedDot.m in Sources */,
			);
			runOnlyForDeploymentPostprocessing = 0;
		};
		4292231D1CEE16FC00A897FF /* Sources */ = {
			isa = PBXSourcesBuildPhase;
			buildActionMask = 2147483647;
			files = (
				429223261CEE16FC00A897FF /* GJRedDotDemoTests.m in Sources */,
			);
			runOnlyForDeploymentPostprocessing = 0;
		};
/* End PBXSourcesBuildPhase section */

/* Begin PBXTargetDependency section */
		429223231CEE16FC00A897FF /* PBXTargetDependency */ = {
			isa = PBXTargetDependency;
			target = 429223071CEE16FC00A897FF /* GJRedDotDemo */;
			targetProxy = 429223221CEE16FC00A897FF /* PBXContainerItemProxy */;
		};
/* End PBXTargetDependency section */

/* Begin PBXVariantGroup section */
		429223141CEE16FC00A897FF /* Main.storyboard */ = {
			isa = PBXVariantGroup;
			children = (
				429223151CEE16FC00A897FF /* Base */,
			);
			name = Main.storyboard;
			sourceTree = "<group>";
		};
		429223191CEE16FC00A897FF /* LaunchScreen.storyboard */ = {
			isa = PBXVariantGroup;
			children = (
				4292231A1CEE16FC00A897FF /* Base */,
			);
			name = LaunchScreen.storyboard;
			sourceTree = "<group>";
		};
/* End PBXVariantGroup section */

/* Begin XCBuildConfiguration section */
		429223281CEE16FC00A897FF /* Debug */ = {
			isa = XCBuildConfiguration;
			buildSettings = {
				ALWAYS_SEARCH_USER_PATHS = NO;
				CLANG_ANALYZER_NONNULL = YES;
				CLANG_CXX_LANGUAGE_STANDARD = "gnu++0x";
				CLANG_CXX_LIBRARY = "libc++";
				CLANG_ENABLE_MODULES = YES;
				CLANG_ENABLE_OBJC_ARC = YES;
				CLANG_WARN_BOOL_CONVERSION = YES;
				CLANG_WARN_CONSTANT_CONVERSION = YES;
				CLANG_WARN_DIRECT_OBJC_ISA_USAGE = YES_ERROR;
				CLANG_WARN_EMPTY_BODY = YES;
				CLANG_WARN_ENUM_CONVERSION = YES;
				CLANG_WARN_INT_CONVERSION = YES;
				CLANG_WARN_OBJC_ROOT_CLASS = YES_ERROR;
				CLANG_WARN_UNREACHABLE_CODE = YES;
				CLANG_WARN__DUPLICATE_METHOD_MATCH = YES;
				"CODE_SIGN_IDENTITY[sdk=iphoneos*]" = "iPhone Developer";
				COPY_PHASE_STRIP = NO;
				DEBUG_INFORMATION_FORMAT = dwarf;
				ENABLE_STRICT_OBJC_MSGSEND = YES;
				ENABLE_TESTABILITY = YES;
				GCC_C_LANGUAGE_STANDARD = gnu99;
				GCC_DYNAMIC_NO_PIC = NO;
				GCC_NO_COMMON_BLOCKS = YES;
				GCC_OPTIMIZATION_LEVEL = 0;
				GCC_PREPROCESSOR_DEFINITIONS = (
					"DEBUG=1",
					"$(inherited)",
				);
				GCC_WARN_64_TO_32_BIT_CONVERSION = YES;
				GCC_WARN_ABOUT_RETURN_TYPE = YES_ERROR;
				GCC_WARN_UNDECLARED_SELECTOR = YES;
				GCC_WARN_UNINITIALIZED_AUTOS = YES_AGGRESSIVE;
				GCC_WARN_UNUSED_FUNCTION = YES;
				GCC_WARN_UNUSED_VARIABLE = YES;
				IPHONEOS_DEPLOYMENT_TARGET = 9.3;
				MTL_ENABLE_DEBUG_INFO = YES;
				ONLY_ACTIVE_ARCH = YES;
				SDKROOT = iphoneos;
			};
			name = Debug;
		};
		429223291CEE16FC00A897FF /* Release */ = {
			isa = XCBuildConfiguration;
			buildSettings = {
				ALWAYS_SEARCH_USER_PATHS = NO;
				CLANG_ANALYZER_NONNULL = YES;
				CLANG_CXX_LANGUAGE_STANDARD = "gnu++0x";
				CLANG_CXX_LIBRARY = "libc++";
				CLANG_ENABLE_MODULES = YES;
				CLANG_ENABLE_OBJC_ARC = YES;
				CLANG_WARN_BOOL_CONVERSION = YES;
				CLANG_WARN_CONSTANT_CONVERSION = YES;
				CLANG_WARN_DIRECT_OBJC_ISA_USAGE = YES_ERROR;
				CLANG_WARN_EMPTY_BODY = YES;
				CLANG_WARN_ENUM_CONVERSION = YES;
				CLANG_WARN_INT_CONVERSION = YES;
				CLANG_WARN_OBJC_ROOT_CLASS = YES_ERROR;
				CLANG_WARN_UNREACHABLE_CODE = YES;
				CLANG_WARN__DUPLICATE_METHOD_MATCH = YES;
				"CODE_SIGN_IDENTITY[sdk=iphoneos*]" = "iPhone Developer";
				COPY_PHASE_STRIP = NO;
				DEBUG_INFORMATION_FORMAT = "dwarf-with-dsym";
				ENABLE_NS_ASSERTIONS = NO;
				ENABLE_STRICT_OBJC_MSGSEND = YES;
				GCC_C_LANGUAGE_STANDARD = gnu99;
				GCC_NO_COMMON_BLOCKS = YES;
				GCC_WARN_64_TO_32_BIT_CONVERSION = YES;
				GCC_WARN_ABOUT_RETURN_TYPE = YES_ERROR;
				GCC_WARN_UNDECLARED_SELECTOR = YES;
				GCC_WARN_UNINITIALIZED_AUTOS = YES_AGGRESSIVE;
				GCC_WARN_UNUSED_FUNCTION = YES;
				GCC_WARN_UNUSED_VARIABLE = YES;
				IPHONEOS_DEPLOYMENT_TARGET = 9.3;
				MTL_ENABLE_DEBUG_INFO = NO;
				SDKROOT = iphoneos;
				VALIDATE_PRODUCT = YES;
			};
			name = Release;
		};
		4292232B1CEE16FC00A897FF /* Debug */ = {
			isa = XCBuildConfiguration;
			buildSettings = {
				ASSETCATALOG_COMPILER_APPICON_NAME = AppIcon;
				INFOPLIST_FILE = GJRedDotDemo/Info.plist;
				LD_RUNPATH_SEARCH_PATHS = "$(inherited) @executable_path/Frameworks";
				PRODUCT_BUNDLE_IDENTIFIER = com.liligo.GJRedDotDemo;
				PRODUCT_NAME = "$(TARGET_NAME)";
			};
			name = Debug;
		};
		4292232C1CEE16FC00A897FF /* Release */ = {
			isa = XCBuildConfiguration;
			buildSettings = {
				ASSETCATALOG_COMPILER_APPICON_NAME = AppIcon;
				INFOPLIST_FILE = GJRedDotDemo/Info.plist;
				LD_RUNPATH_SEARCH_PATHS = "$(inherited) @executable_path/Frameworks";
				PRODUCT_BUNDLE_IDENTIFIER = com.liligo.GJRedDotDemo;
				PRODUCT_NAME = "$(TARGET_NAME)";
			};
			name = Release;
		};
		4292232E1CEE16FC00A897FF /* Debug */ = {
			isa = XCBuildConfiguration;
			buildSettings = {
				BUNDLE_LOADER = "$(TEST_HOST)";
				INFOPLIST_FILE = GJRedDotDemoTests/Info.plist;
				LD_RUNPATH_SEARCH_PATHS = "$(inherited) @executable_path/Frameworks @loader_path/Frameworks";
				PRODUCT_BUNDLE_IDENTIFIER = com.liligo.GJRedDotDemoTests;
				PRODUCT_NAME = "$(TARGET_NAME)";
				TEST_HOST = "$(BUILT_PRODUCTS_DIR)/GJRedDotDemo.app/GJRedDotDemo";
			};
			name = Debug;
		};
		4292232F1CEE16FC00A897FF /* Release */ = {
			isa = XCBuildConfiguration;
			buildSettings = {
				BUNDLE_LOADER = "$(TEST_HOST)";
				INFOPLIST_FILE = GJRedDotDemoTests/Info.plist;
				LD_RUNPATH_SEARCH_PATHS = "$(inherited) @executable_path/Frameworks @loader_path/Frameworks";
				PRODUCT_BUNDLE_IDENTIFIER = com.liligo.GJRedDotDemoTests;
				PRODUCT_NAME = "$(TARGET_NAME)";
				TEST_HOST = "$(BUILT_PRODUCTS_DIR)/GJRedDotDemo.app/GJRedDotDemo";
			};
			name = Release;
		};
/* End XCBuildConfiguration section */

/* Begin XCConfigurationList section */
		429223031CEE16FC00A897FF /* Build configuration list for PBXProject "GJRedDotDemo" */ = {
			isa = XCConfigurationList;
			buildConfigurations = (
				429223281CEE16FC00A897FF /* Debug */,
				429223291CEE16FC00A897FF /* Release */,
			);
			defaultConfigurationIsVisible = 0;
			defaultConfigurationName = Release;
		};
		4292232A1CEE16FC00A897FF /* Build configuration list for PBXNativeTarget "GJRedDotDemo" */ = {
			isa = XCConfigurationList;
			buildConfigurations = (
				4292232B1CEE16FC00A897FF /* Debug */,
				4292232C1CEE16FC00A897FF /* Release */,
			);
			defaultConfigurationIsVisible = 0;
			defaultConfigurationName = Release;
		};
		4292232D1CEE16FC00A897FF /* Build configuration list for PBXNativeTarget "GJRedDotDemoTests" */ = {
			isa = XCConfigurationList;
			buildConfigurations = (
				4292232E1CEE16FC00A897FF /* Debug */,
				4292232F1CEE16FC00A897FF /* Release */,
			);
			defaultConfigurationIsVisible = 0;
			defaultConfigurationName = Release;
		};
/* End XCConfigurationList section */
	};
	rootObject = 429223001CEE16FC00A897FF /* Project object */;
}
